lockfileVersion: '9.0'

settings:
  autoInstallPeers: true
  excludeLinksFromLockfile: false

importers:

  .:
    dependencies:
      reflect-metadata:
        specifier: ^0.2.2
        version: 0.2.2
      tsyringe:
        specifier: ^4.10.0
        version: 4.10.0
      zod:
        specifier: ^4.3.5
        version: 4.3.6
    devDependencies:
      '@biomejs/biome':
        specifier: ^2.4.8
        version: 2.4.8
      '@open-core/framework':
        specifier: latest
        version: 1.0.5(reflect-metadata@0.2.2)(tsyringe@4.10.0)(zod@4.3.6)
      '@ragempcommunity/types-client':
        specifier: ^2.1.9
        version: 2.1.9
      '@ragempcommunity/types-server':
        specifier: ^2.1.9
        version: 2.1.9
      '@types/node':
        specifier: ^25.5.0
        version: 25.5.0
      typescript:
        specifier: ^6.0.2
        version: 6.0.2

packages:

  '@biomejs/biome@2.4.8':
    resolution: {integrity: sha512-ponn0oKOky1oRXBV+rlSaUlixUxf1aZvWC19Z41zBfUOUesthrQqL3OtiAlSB1EjFjyWpn98Q64DHelhA6jNlA==}
    engines: {node: '>=14.21.3'}
    hasBin: true

  '@biomejs/cli-darwin-arm64@2.4.8':
    resolution: {integrity: sha512-ARx0tECE8I7S2C2yjnWYLNbBdDoPdq3oyNLhMglmuctThwUsuzFWRKrHmIGwIRWKz0Mat9DuzLEDp52hGnrxGQ==}
    engines: {node: '>=14.21.3'}
    cpu: [arm64]
    os: [darwin]

  '@biomejs/cli-darwin-x64@2.4.8':
    resolution: {integrity: sha512-Jg9/PsB9vDCJlANE8uhG7qDhb5w0Ix69D7XIIc8IfZPUoiPrbLm33k2Ig3NOJ/7nb3UbesFz3D1aDKm9DvzjhQ==}
    engines: {node: '>=14.21.3'}
    cpu: [x64]
    os: [darwin]

  '@biomejs/cli-linux-arm64-musl@2.4.8':
    resolution: {integrity: sha512-Zo9OhBQDJ3IBGPlqHiTISloo5H0+FBIpemqIJdW/0edJ+gEcLR+MZeZozcUyz3o1nXkVA7++DdRKQT0599j9jA==}
    engines: {node: '>=14.21.3'}
    cpu: [arm64]
    os: [linux]

  '@biomejs/cli-linux-arm64@2.4.8':
    resolution: {integrity: sha512-5CdrsJct76XG2hpKFwXnEtlT1p+4g4yV+XvvwBpzKsTNLO9c6iLlAxwcae2BJ7ekPGWjNGw9j09T5KGPKKxQig==}
    engines: {node: '>=14.21.3'}
    cpu: [arm64]
    os: [linux]

  '@biomejs/cli-linux-x64-musl@2.4.8':
    resolution: {integrity: sha512-Gi8quv8MEuDdKaPFtS2XjEnMqODPsRg6POT6KhoP+VrkNb+T2ywunVB+TvOU0LX1jAZzfBr+3V1mIbBhzAMKvw==}
    engines: {node: '>=14.21.3'}
    cpu: [x64]
    os: [linux]

  '@biomejs/cli-linux-x64@2.4.8':
    resolution: {integrity: sha512-PdKXspVEaMCQLjtZCn6vfSck/li4KX9KGwSDbZdgIqlrizJ2MnMcE3TvHa2tVfXNmbjMikzcfJpuPWH695yJrw==}
    engines: {node: '>=14.21.3'}
    cpu: [x64]
    os: [linux]

  '@biomejs/cli-win32-arm64@2.4.8':
    resolution: {integrity: sha512-LoFatS0tnHv6KkCVpIy3qZCih+MxUMvdYiPWLHRri7mhi2vyOOs8OrbZBcLTUEWCS+ktO72nZMy4F96oMhkOHQ==}
    engines: {node: '>=14.21.3'}
    cpu: [arm64]
    os: [win32]

  '@biomejs/cli-win32-x64@2.4.8':
    resolution: {integrity: sha512-vAn7iXDoUbqFXqVocuq1sMYAd33p8+mmurqJkWl6CtIhobd/O6moe4rY5AJvzbunn/qZCdiDVcveqtkFh1e7Hg==}
    engines: {node: '>=14.21.3'}
    cpu: [x64]
    os: [win32]

  '@open-core/framework@1.0.5':
    resolution: {integrity: sha512-BbAwFDYi3w/dfDPP/nmH+4Ub0YCsuQbikTWX/qzDpaKeJjamtR1jQrM0c5bnqihsfSav5EZ1zoUi7A9fIxTV8Q==}
    peerDependencies:
      reflect-metadata: ^0.2.2
      tsyringe: ^4.10.0
      zod: ^4.3.5

  '@ragempcommunity/types-client@2.1.9':
    resolution: {integrity: sha512-D6SdgzyyuHdQyVDSPVohII6EWbwmWTmOBynVU9BcIHxvtVbr82ZmQ+YzMVlihcEiOk/nt8aeWSzcrWdXXHkgeA==}

  '@ragempcommunity/types-server@2.1.9':
    resolution: {integrity: sha512-J0aDQxzGBW3l8JniyDNZl17JJFXjjy59LHeQKjNgPk3kWpW/mOuPQ1L90euZFkAx0PPGT96IA3+bHq4zarNEmA==}

  '@types/node@25.5.0':
    resolution: {integrity: sha512-jp2P3tQMSxWugkCUKLRPVUpGaL5MVFwF8RDuSRztfwgN1wmqJeMSbKlnEtQqU8UrhTmzEmZdu2I6v2dpp7XIxw==}

  reflect-metadata@0.2.2:
    resolution: {integrity: sha512-urBwgfrvVP/eAyXx4hluJivBKzuEbSQs9rKWCrCkbSxNv8mxPcUZKeuoF3Uy4mJl3Lwprp6yy5/39VWigZ4K6Q==}

  tslib@1.14.1:
    resolution: {integrity: sha512-Xni35NKzjgMrwevysHTCArtLDpPvye8zV/0E4EyYn43P7/7qvQwPh9BGkHewbMulVntbigmcT7rdX3BNo9wRJg==}

  tsyringe@4.10.0:
    resolution: {integrity: sha512-axr3IdNuVIxnaK5XGEUFTu3YmAQ6lllgrvqfEoR16g/HGnYY/6We4oWENtAnzK6/LpJ2ur9PAb80RBt7/U4ugw==}
    engines: {node: '>= 6.0.0'}

  typescript@6.0.2:
    resolution: {integrity: sha512-bGdAIrZ0wiGDo5l8c++HWtbaNCWTS4UTv7RaTH/ThVIgjkveJt83m74bBHMJkuCbslY8ixgLBVZJIOiQlQTjfQ==}
    engines: {node: '>=14.17'}
    hasBin: true

  undici-types@7.18.2:
    resolution: {integrity: sha512-AsuCzffGHJybSaRrmr5eHr81mwJU3kjw6M+uprWvCXiNeN9SOGwQ3Jn8jb8m3Z6izVgknn1R0FTCEAP2QrLY/w==}

  uuid@13.0.0:
    resolution: {integrity: sha512-XQegIaBTVUjSHliKqcnFqYypAd4S+WCYt5NIeRs6w/UAry7z8Y9j5ZwRRL4kzq9U3sD6v+85er9FvkEaBpji2w==}
    hasBin: true

  zod@4.3.6:
    resolution: {integrity: sha512-rftlrkhHZOcjDwkGlnUtZZkvaPHCsDATp4pGpuOOMDaTdDDXF91wuVDJoWoPsKX/3YPQ5fHuF3STjcYyKr+Qhg==}

snapshots:

  '@biomejs/biome@2.4.8':
    optionalDependencies:
      '@biomejs/cli-darwin-arm64': 2.4.8
      '@biomejs/cli-darwin-x64': 2.4.8
      '@biomejs/cli-linux-arm64': 2.4.8
      '@biomejs/cli-linux-arm64-musl': 2.4.8
      '@biomejs/cli-linux-x64': 2.4.8
      '@biomejs/cli-linux-x64-musl': 2.4.8
      '@biomejs/cli-win32-arm64': 2.4.8
      '@biomejs/cli-win32-x64': 2.4.8

  '@biomejs/cli-darwin-arm64@2.4.8':
    optional: true

  '@biomejs/cli-darwin-x64@2.4.8':
    optional: true

  '@biomejs/cli-linux-arm64-musl@2.4.8':
    optional: true

  '@biomejs/cli-linux-arm64@2.4.8':
    optional: true

  '@biomejs/cli-linux-x64-musl@2.4.8':
    optional: true

  '@biomejs/cli-linux-x64@2.4.8':
    optional: true

  '@biomejs/cli-win32-arm64@2.4.8':
    optional: true

  '@biomejs/cli-win32-x64@2.4.8':
    optional: true

  '@open-core/framework@1.0.5(reflect-metadata@0.2.2)(tsyringe@4.10.0)(zod@4.3.6)':
    dependencies:
      reflect-metadata: 0.2.2
      tsyringe: 4.10.0
      uuid: 13.0.0
      zod: 4.3.6

  '@ragempcommunity/types-client@2.1.9': {}

  '@ragempcommunity/types-server@2.1.9': {}

  '@types/node@25.5.0':
    dependencies:
      undici-types: 7.18.2

  reflect-metadata@0.2.2: {}

  tslib@1.14.1: {}

  tsyringe@4.10.0:
    dependencies:
      tslib: 1.14.1

  typescript@6.0.2: {}

  undici-types@7.18.2: {}

  uuid@13.0.0: {}

  zod@4.3.6: {}
